
Microsoft Visual Studio Solution File, Format Version 12.00
# Visual Studio 2015
Project("{FAE04EC0-301F-11D3-BF4B-00C04F79EFBC}") = "2017Timeline_SubtitleTrack", "2017Timeline_SubtitleTrack.csproj", "{2F18BC06-901D-6FD0-8BD1-5A54C98F78D1}"
EndProject
Project("{FAE04EC0-301F-11D3-BF4B-00C04F79EFBC}") = "2017Timeline_SubtitleTrack.Editor", "2017Timeline_SubtitleTrack.Editor.csproj", "{8ACA68F1-3089-B2D1-C59E-0519CACEAFC0}"
EndProject
Global
	GlobalSection(SolutionConfigurationPlatforms) = preSolution
		Debug|Any CPU = Debug|Any CPU
		Release|Any CPU = Release|Any CPU
	EndGlobalSection
	GlobalSection(ProjectConfigurationPlatforms) = postSolution
		{2F18BC06-901D-6FD0-8BD1-5A54C98F78D1}.Debug|Any CPU.ActiveCfg = Debug|Any CPU
		{2F18BC06-901D-6FD0-8BD1-5A54C98F78D1}.Debug|Any CPU.Build.0 = Debug|Any CPU
		{2F18BC06-901D-6FD0-8BD1-5A54C98F78D1}.Release|Any CPU.ActiveCfg = Release|Any CPU
		{2F18BC06-901D-6FD0-8BD1-5A54C98F78D1}.Release|Any CPU.Build.0 = Release|Any CPU
		{8ACA68F1-3089-B2D1-C59E-0519CACEAFC0}.Debug|Any CPU.ActiveCfg = Debug|Any CPU
		{8ACA68F1-3089-B2D1-C59E-0519CACEAFC0}.Debug|Any CPU.Build.0 = Debug|Any CPU
		{8ACA68F1-3089-B2D1-C59E-0519CACEAFC0}.Release|Any CPU.ActiveCfg = Release|Any CPU
		{8ACA68F1-3089-B2D1-C59E-0519CACEAFC0}.Release|Any CPU.Build.0 = Release|Any CPU
	EndGlobalSection
	GlobalSection(SolutionProperties) = preSolution
		HideSolutionNode = FALSE
	EndGlobalSection
EndGlobal
